
Microsoft Visual Studio Solution File, Format Version 12.00
# Visual Studio Version 16
VisualStudioVersion = 16.0.31702.278
MinimumVisualStudioVersion = 10.0.40219.1
Project("{9A19103F-16F7-4668-BE54-9A1E7A4F7556}") = "NReco.PrestoAdo", "NReco.PrestoAdo\NReco.PrestoAdo.csproj", "{8FD66739-5274-46F1-9E94-DC619F92D04E}"
EndProject
Global
	GlobalSection(SolutionConfigurationPlatforms) = preSolution
		Debug|Any CPU = Debug|Any CPU
		Release|Any CPU = Release|Any CPU
	EndGlobalSection
	GlobalSection(ProjectConfigurationPlatforms) = postSolution
		{8FD66739-5274-46F1-9E94-DC619F92D04E}.Debug|Any CPU.ActiveCfg = Debug|Any CPU
		{8FD66739-5274-46F1-9E94-DC619F92D04E}.Debug|Any CPU.Build.0 = Debug|Any CPU
		{8FD66739-5274-46F1-9E94-DC619F92D04E}.Release|Any CPU.ActiveCfg = Release|Any CPU
		{8FD66739-5274-46F1-9E94-DC619F92D04E}.Release|Any CPU.Build.0 = Release|Any CPU
	EndGlobalSection
	GlobalSection(SolutionProperties) = preSolution
		HideSolutionNode = FALSE
	EndGlobalSection
	GlobalSection(ExtensibilityGlobals) = postSolution
		SolutionGuid = {E89F9DF7-0F06-4B64-A155-30D620949959}
	EndGlobalSection
EndGlobal
